// !$*UTF8*$!
{
	archiveVersion = 1;
	classes = {
	};
	objectVersion = 50;
	objects = {

/* Begin PBXBuildFile section */
		6EE17CC0E22B38775A2888EE /* Pods_Todoey.framework in Frameworks */ = {isa = PBXBuildFile; fileRef = ACB5CEBEA836DDB8F495DF13 /* Pods_Todoey.framework */; };
		EB336F1021C173FC00DCFC49 /* CategoryViewController.swift in Sources */ = {isa = PBXBuildFile; fileRef = EB336F0F21C173FC00DCFC49 /* CategoryViewController.swift */; };
		EB91A7B221B0932300AC0EEF /* AppDelegate.swift in Sources */ = {isa = PBXBuildFile; fileRef = EB91A7B121B0932300AC0EEF /* AppDelegate.swift */; };
		EB91A7B421B0932300AC0EEF /* TodoListViewController.swift in Sources */ = {isa = PBXBuildFile; fileRef = EB91A7B321B0932300AC0EEF /* TodoListViewController.swift */; };
		EB91A7B721B0932300AC0EEF /* Main.storyboard in Resources */ = {isa = PBXBuildFile; fileRef = EB91A7B521B0932300AC0EEF /* Main.storyboard */; };
		EB91A7B921B0932500AC0EEF /* Assets.xcassets in Resources */ = {isa = PBXBuildFile; fileRef = EB91A7B821B0932500AC0EEF /* Assets.xcassets */; };
		EB91A7BC21B0932500AC0EEF /* LaunchScreen.storyboard in Resources */ = {isa = PBXBuildFile; fileRef = EB91A7BA21B0932500AC0EEF /* LaunchScreen.storyboard */; };
		EB93993B21C1A996007B1767 /* Item.swift in Sources */ = {isa = PBXBuildFile; fileRef = EB93993A21C1A996007B1767 /* Item.swift */; };
		EB93993D21C1A9A0007B1767 /* Category.swift in Sources */ = {isa = PBXBuildFile; fileRef = EB93993C21C1A9A0007B1767 /* Category.swift */; };
		EB93993F21C2E06F007B1767 /* SwipeTableViewController.swift in Sources */ = {isa = PBXBuildFile; fileRef = EB93993E21C2E06F007B1767 /* SwipeTableViewController.swift */; };
/* End PBXBuildFile section */

/* Begin PBXFileReference section */
		777B08345D57252DEABC5E6F /* Pods-Todoey.release.xcconfig */ = {isa = PBXFileReference; includeInIndex = 1; lastKnownFileType = text.xcconfig; name = "Pods-Todoey.release.xcconfig"; path = "Pods/Target Support Files/Pods-Todoey/Pods-Todoey.release.xcconfig"; sourceTree = "<group>"; };
		ACB5CEBEA836DDB8F495DF13 /* Pods_Todoey.framework */ = {isa = PBXFileReference; explicitFileType = wrapper.framework; includeInIndex = 0; path = Pods_Todoey.framework; sourceTree = BUILT_PRODUCTS_DIR; };
		EA351516BA694340374F8939 /* Pods-Todoey.debug.xcconfig */ = {isa = PBXFileReference; includeInIndex = 1; lastKnownFileType = text.xcconfig; name = "Pods-Todoey.debug.xcconfig"; path = "Pods/Target Support Files/Pods-Todoey/Pods-Todoey.debug.xcconfig"; sourceTree = "<group>"; };
		EB336F0F21C173FC00DCFC49 /* CategoryViewController.swift */ = {isa = PBXFileReference; lastKnownFileType = sourcecode.swift; path = CategoryViewController.swift; sourceTree = "<group>"; };
		EB91A7AE21B0932300AC0EEF /* Todoey.app */ = {isa = PBXFileReference; explicitFileType = wrapper.application; includeInIndex = 0; path = Todoey.app; sourceTree = BUILT_PRODUCTS_DIR; };
		EB91A7B121B0932300AC0EEF /* AppDelegate.swift */ = {isa = PBXFileReference; lastKnownFileType = sourcecode.swift; path = AppDelegate.swift; sourceTree = "<group>"; };
		EB91A7B321B0932300AC0EEF /* TodoListViewController.swift */ = {isa = PBXFileReference; lastKnownFileType = sourcecode.swift; path = TodoListViewController.swift; sourceTree = "<group>"; };
		EB91A7B621B0932300AC0EEF /* Base */ = {isa = PBXFileReference; lastKnownFileType = file.storyboard; name = Base; path = Base.lproj/Main.storyboard; sourceTree = "<group>"; };
		EB91A7B821B0932500AC0EEF /* Assets.xcassets */ = {isa = PBXFileReference; lastKnownFileType = folder.assetcatalog; path = Assets.xcassets; sourceTree = "<group>"; };
		EB91A7BB21B0932500AC0EEF /* Base */ = {isa = PBXFileReference; lastKnownFileType = file.storyboard; name = Base; path = Base.lproj/LaunchScreen.storyboard; sourceTree = "<group>"; };
		EB91A7BD21B0932500AC0EEF /* Info.plist */ = {isa = PBXFileReference; lastKnownFileType = text.plist.xml; path = Info.plist; sourceTree = "<group>"; };
		EB93993A21C1A996007B1767 /* Item.swift */ = {isa = PBXFileReference; lastKnownFileType = sourcecode.swift; path = Item.swift; sourceTree = "<group>"; };
		EB93993C21C1A9A0007B1767 /* Category.swift */ = {isa = PBXFileReference; lastKnownFileType = sourcecode.swift; path = Category.swift; sourceTree = "<group>"; };
		EB93993E21C2E06F007B1767 /* SwipeTableViewController.swift */ = {isa = PBXFileReference; lastKnownFileType = sourcecode.swift; path = SwipeTableViewController.swift; sourceTree = "<group>"; };
/* End PBXFileReference section */

/* Begin PBXFrameworksBuildPhase section */
		EB91A7AB21B0932300AC0EEF /* Frameworks */ = {
			isa = PBXFrameworksBuildPhase;
			buildActionMask = 2147483647;
			files = (
				6EE17CC0E22B38775A2888EE /* Pods_Todoey.framework in Frameworks */,
			);
			runOnlyForDeploymentPostprocessing = 0;
		};
/* End PBXFrameworksBuildPhase section */

/* Begin PBXGroup section */
		3379D6EFE23DC0DC71551E59 /* Frameworks */ = {
			isa = PBXGroup;
			children = (
				ACB5CEBEA836DDB8F495DF13 /* Pods_Todoey.framework */,
			);
			name = Frameworks;
			sourceTree = "<group>";
		};
		BB03A2EC3AB2233B85E9EBF9 /* Pods */ = {
			isa = PBXGroup;
			children = (
				EA351516BA694340374F8939 /* Pods-Todoey.debug.xcconfig */,
				777B08345D57252DEABC5E6F /* Pods-Todoey.release.xcconfig */,
			);
			name = Pods;
			sourceTree = "<group>";
		};
		EB7EF27D21BB173E002D3948 /* Data Model */ = {
			isa = PBXGroup;
			children = (
				EB93993C21C1A9A0007B1767 /* Category.swift */,
				EB93993A21C1A996007B1767 /* Item.swift */,
			);
			path = "Data Model";
			sourceTree = "<group>";
		};
		EB7EF27E21BB174D002D3948 /* Controllers */ = {
			isa = PBXGroup;
			children = (
				EB336F0F21C173FC00DCFC49 /* CategoryViewController.swift */,
				EB93993E21C2E06F007B1767 /* SwipeTableViewController.swift */,
				EB91A7B321B0932300AC0EEF /* TodoListViewController.swift */,
			);
			path = Controllers;
			sourceTree = "<group>";
		};
		EB7EF27F21BB175A002D3948 /* Views */ = {
			isa = PBXGroup;
			children = (
				EB91A7B521B0932300AC0EEF /* Main.storyboard */,
			);
			path = Views;
			sourceTree = "<group>";
		};
		EB7EF28021BB1763002D3948 /* Supporting files */ = {
			isa = PBXGroup;
			children = (
				EB91A7B821B0932500AC0EEF /* Assets.xcassets */,
				EB91A7BA21B0932500AC0EEF /* LaunchScreen.storyboard */,
			);
			path = "Supporting files";
			sourceTree = "<group>";
		};
		EB91A7A521B0932300AC0EEF = {
			isa = PBXGroup;
			children = (
				EB91A7B021B0932300AC0EEF /* Todoey */,
				EB91A7AF21B0932300AC0EEF /* Products */,
				BB03A2EC3AB2233B85E9EBF9 /* Pods */,
				3379D6EFE23DC0DC71551E59 /* Frameworks */,
			);
			sourceTree = "<group>";
		};
		EB91A7AF21B0932300AC0EEF /* Products */ = {
			isa = PBXGroup;
			children = (
				EB91A7AE21B0932300AC0EEF /* Todoey.app */,
			);
			name = Products;
			sourceTree = "<group>";
		};
		EB91A7B021B0932300AC0EEF /* Todoey */ = {
			isa = PBXGroup;
			children = (
				EB91A7B121B0932300AC0EEF /* AppDelegate.swift */,
				EB7EF27E21BB174D002D3948 /* Controllers */,
				EB7EF27D21BB173E002D3948 /* Data Model */,
				EB7EF27F21BB175A002D3948 /* Views */,
				EB7EF28021BB1763002D3948 /* Supporting files */,
				EB91A7BD21B0932500AC0EEF /* Info.plist */,
			);
			path = Todoey;
			sourceTree = "<group>";
		};
/* End PBXGroup section */

/* Begin PBXNativeTarget section */
		EB91A7AD21B0932300AC0EEF /* Todoey */ = {
			isa = PBXNativeTarget;
			buildConfigurationList = EB91A7C021B0932500AC0EEF /* Build configuration list for PBXNativeTarget "Todoey" */;
			buildPhases = (
				3D68E128B4C8D3314398A02C /* [CP] Check Pods Manifest.lock */,
				EB91A7AA21B0932300AC0EEF /* Sources */,
				EB91A7AB21B0932300AC0EEF /* Frameworks */,
				EB91A7AC21B0932300AC0EEF /* Resources */,
				477B107DA061421B4B06C834 /* [CP] Embed Pods Frameworks */,
			);
			buildRules = (
			);
			dependencies = (
			);
			name = Todoey;
			productName = Todoey;
			productReference = EB91A7AE21B0932300AC0EEF /* Todoey.app */;
			productType = "com.apple.product-type.application";
		};
/* End PBXNativeTarget section */

/* Begin PBXProject section */
		EB91A7A621B0932300AC0EEF /* Project object */ = {
			isa = PBXProject;
			attributes = {
				LastSwiftUpdateCheck = 1010;
				LastUpgradeCheck = 1010;
				ORGANIZATIONNAME = "Jainam  Shah ";
				TargetAttributes = {
					EB91A7AD21B0932300AC0EEF = {
						CreatedOnToolsVersion = 10.1;
					};
				};
			};
			buildConfigurationList = EB91A7A921B0932300AC0EEF /* Build configuration list for PBXProject "Todoey" */;
			compatibilityVersion = "Xcode 9.3";
			developmentRegion = en;
			hasScannedForEncodings = 0;
			knownRegions = (
				en,
				Base,
			);
			mainGroup = EB91A7A521B0932300AC0EEF;
			productRefGroup = EB91A7AF21B0932300AC0EEF /* Products */;
			projectDirPath = "";
			projectRoot = "";
			targets = (
				EB91A7AD21B0932300AC0EEF /* Todoey */,
			);
		};
/* End PBXProject section */

/* Begin PBXResourcesBuildPhase section */
		EB91A7AC21B0932300AC0EEF /* Resources */ = {
			isa = PBXResourcesBuildPhase;
			buildActionMask = 2147483647;
			files = (
				EB91A7BC21B0932500AC0EEF /* LaunchScreen.storyboard in Resources */,
				EB91A7B921B0932500AC0EEF /* Assets.xcassets in Resources */,
				EB91A7B721B0932300AC0EEF /* Main.storyboard in Resources */,
			);
			runOnlyForDeploymentPostprocessing = 0;
		};
/* End PBXResourcesBuildPhase section */

/* Begin PBXShellScriptBuildPhase section */
		3D68E128B4C8D3314398A02C /* [CP] Check Pods Manifest.lock */ = {
			isa = PBXShellScriptBuildPhase;
			buildActionMask = 2147483647;
			files = (
			);
			inputFileListPaths = (
			);
			inputPaths = (
				"${PODS_PODFILE_DIR_PATH}/Podfile.lock",
				"${PODS_ROOT}/Manifest.lock",
			);
			name = "[CP] Check Pods Manifest.lock";
			outputFileListPaths = (
			);
			outputPaths = (
				"$(DERIVED_FILE_DIR)/Pods-Todoey-checkManifestLockResult.txt",
			);
			runOnlyForDeploymentPostprocessing = 0;
			shellPath = /bin/sh;
			shellScript = "diff \"${PODS_PODFILE_DIR_PATH}/Podfile.lock\" \"${PODS_ROOT}/Manifest.lock\" > /dev/null\nif [ $? != 0 ] ; then\n    # print error to STDERR\n    echo \"error: The sandbox is not in sync with the Podfile.lock. Run 'pod install' or update your CocoaPods installation.\" >&2\n    exit 1\nfi\n# This output is used by Xcode 'outputs' to avoid re-running this script phase.\necho \"SUCCESS\" > \"${SCRIPT_OUTPUT_FILE_0}\"\n";
			showEnvVarsInLog = 0;
		};
		477B107DA061421B4B06C834 /* [CP] Embed Pods Frameworks */ = {
			isa = PBXShellScriptBuildPhase;
			buildActionMask = 2147483647;
			files = (
			);
			inputFileListPaths = (
			);
			inputPaths = (
				"${SRCROOT}/Pods/Target Support Files/Pods-Todoey/Pods-Todoey-frameworks.sh",
				"${BUILT_PRODUCTS_DIR}/ChameleonFramework/ChameleonFramework.framework",
				"${BUILT_PRODUCTS_DIR}/Realm/Realm.framework",
				"${BUILT_PRODUCTS_DIR}/RealmSwift/RealmSwift.framework",
				"${BUILT_PRODUCTS_DIR}/SwipeCellKit/SwipeCellKit.framework",
			);
			name = "[CP] Embed Pods Frameworks";
			outputFileListPaths = (
			);
			outputPaths = (
				"${TARGET_BUILD_DIR}/${FRAMEWORKS_FOLDER_PATH}/ChameleonFramework.framework",
				"${TARGET_BUILD_DIR}/${FRAMEWORKS_FOLDER_PATH}/Realm.framework",
				"${TARGET_BUILD_DIR}/${FRAMEWORKS_FOLDER_PATH}/RealmSwift.framework",
				"${TARGET_BUILD_DIR}/${FRAMEWORKS_FOLDER_PATH}/SwipeCellKit.framework",
			);
			runOnlyForDeploymentPostprocessing = 0;
			shellPath = /bin/sh;
			shellScript = "\"${SRCROOT}/Pods/Target Support Files/Pods-Todoey/Pods-Todoey-frameworks.sh\"\n";
			showEnvVarsInLog = 0;
		};
/* End PBXShellScriptBuildPhase section */

/* Begin PBXSourcesBuildPhase section */
		EB91A7AA21B0932300AC0EEF /* Sources */ = {
			isa = PBXSourcesBuildPhase;
			buildActionMask = 2147483647;
			files = (
				EB93993B21C1A996007B1767 /* Item.swift in Sources */,
				EB336F1021C173FC00DCFC49 /* CategoryViewController.swift in Sources */,
				EB91A7B421B0932300AC0EEF /* TodoListViewController.swift in Sources */,
				EB91A7B221B0932300AC0EEF /* AppDelegate.swift in Sources */,
				EB93993F21C2E06F007B1767 /* SwipeTableViewController.swift in Sources */,
				EB93993D21C1A9A0007B1767 /* Category.swift in Sources */,
			);
			runOnlyForDeploymentPostprocessing = 0;
		};
/* End PBXSourcesBuildPhase section */

/* Begin PBXVariantGroup section */
		EB91A7B521B0932300AC0EEF /* Main.storyboard */ = {
			isa = PBXVariantGroup;
			children = (
				EB91A7B621B0932300AC0EEF /* Base */,
			);
			name = Main.storyboard;
			sourceTree = "<group>";
		};
		EB91A7BA21B0932500AC0EEF /* LaunchScreen.storyboard */ = {
			isa = PBXVariantGroup;
			children = (
				EB91A7BB21B0932500AC0EEF /* Base */,
			);
			name = LaunchScreen.storyboard;
			sourceTree = "<group>";
		};
/* End PBXVariantGroup section */

/* Begin XCBuildConfiguration section */
		EB91A7BE21B0932500AC0EEF /* Debug */ = {
			isa = XCBuildConfiguration;
			buildSettings = {
				ALWAYS_SEARCH_USER_PATHS = NO;
				CLANG_ANALYZER_NONNULL = YES;
				CLANG_ANALYZER_NUMBER_OBJECT_CONVERSION = YES_AGGRESSIVE;
				CLANG_CXX_LANGUAGE_STANDARD = "gnu++14";
				CLANG_CXX_LIBRARY = "libc++";
				CLANG_ENABLE_MODULES = YES;
				CLANG_ENABLE_OBJC_ARC = YES;
				CLANG_ENABLE_OBJC_WEAK = YES;
				CLANG_WARN_BLOCK_CAPTURE_AUTORELEASING = YES;
				CLANG_WARN_BOOL_CONVERSION = YES;
				CLANG_WARN_COMMA = YES;
				CLANG_WARN_CONSTANT_CONVERSION = YES;
				CLANG_WARN_DEPRECATED_OBJC_IMPLEMENTATIONS = YES;
				CLANG_WARN_DIRECT_OBJC_ISA_USAGE = YES_ERROR;
				CLANG_WARN_DOCUMENTATION_COMMENTS = YES;
				CLANG_WARN_EMPTY_BODY = YES;
				CLANG_WARN_ENUM_CONVERSION = YES;
				CLANG_WARN_INFINITE_RECURSION = YES;
				CLANG_WARN_INT_CONVERSION = YES;
				CLANG_WARN_NON_LITERAL_NULL_CONVERSION = YES;
				CLANG_WARN_OBJC_IMPLICIT_RETAIN_SELF = YES;
				CLANG_WARN_OBJC_LITERAL_CONVERSION = YES;
				CLANG_WARN_OBJC_ROOT_CLASS = YES_ERROR;
				CLANG_WARN_RANGE_LOOP_ANALYSIS = YES;
				CLANG_WARN_STRICT_PROTOTYPES = YES;
				CLANG_WARN_SUSPICIOUS_MOVE = YES;
				CLANG_WARN_UNGUARDED_AVAILABILITY = YES_AGGRESSIVE;
				CLANG_WARN_UNREACHABLE_CODE = YES;
				CLANG_WARN__DUPLICATE_METHOD_MATCH = YES;
				CODE_SIGN_IDENTITY = "iPhone Developer";
				COPY_PHASE_STRIP = NO;
				DEBUG_INFORMATION_FORMAT = dwarf;
				ENABLE_STRICT_OBJC_MSGSEND = YES;
				ENABLE_TESTABILITY = YES;
				GCC_C_LANGUAGE_STANDARD = gnu11;
				GCC_DYNAMIC_NO_PIC = NO;
				GCC_NO_COMMON_BLOCKS = YES;
				GCC_OPTIMIZATION_LEVEL = 0;
				GCC_PREPROCESSOR_DEFINITIONS = (
					"DEBUG=1",
					"$(inherited)",
				);
				GCC_WARN_64_TO_32_BIT_CONVERSION = YES;
				GCC_WARN_ABOUT_RETURN_TYPE = YES_ERROR;
				GCC_WARN_UNDECLARED_SELECTOR = YES;
				GCC_WARN_UNINITIALIZED_AUTOS = YES_AGGRESSIVE;
				GCC_WARN_UNUSED_FUNCTION = YES;
				GCC_WARN_UNUSED_VARIABLE = YES;
				IPHONEOS_DEPLOYMENT_TARGET = 12.1;
				MTL_ENABLE_DEBUG_INFO = INCLUDE_SOURCE;
				MTL_FAST_MATH = YES;
				ONLY_ACTIVE_ARCH = YES;
				SDKROOT = iphoneos;
				SWIFT_ACTIVE_COMPILATION_CONDITIONS = DEBUG;
				SWIFT_OPTIMIZATION_LEVEL = "-Onone";
			};
			name = Debug;
		};
		EB91A7BF21B0932500AC0EEF /* Release */ = {
			isa = XCBuildConfiguration;
			buildSettings = {
				ALWAYS_SEARCH_USER_PATHS = NO;
				CLANG_ANALYZER_NONNULL = YES;
				CLANG_ANALYZER_NUMBER_OBJECT_CONVERSION = YES_AGGRESSIVE;
				CLANG_CXX_LANGUAGE_STANDARD = "gnu++14";
				CLANG_CXX_LIBRARY = "libc++";
				CLANG_ENABLE_MODULES = YES;
				CLANG_ENABLE_OBJC_ARC = YES;
				CLANG_ENABLE_OBJC_WEAK = YES;
				CLANG_WARN_BLOCK_CAPTURE_AUTORELEASING = YES;
				CLANG_WARN_BOOL_CONVERSION = YES;
				CLANG_WARN_COMMA = YES;
				CLANG_WARN_CONSTANT_CONVERSION = YES;
				CLANG_WARN_DEPRECATED_OBJC_IMPLEMENTATIONS = YES;
				CLANG_WARN_DIRECT_OBJC_ISA_USAGE = YES_ERROR;
				CLANG_WARN_DOCUMENTATION_COMMENTS = YES;
				CLANG_WARN_EMPTY_BODY = YES;
				CLANG_WARN_ENUM_CONVERSION = YES;
				CLANG_WARN_INFINITE_RECURSION = YES;
				CLANG_WARN_INT_CONVERSION = YES;
				CLANG_WARN_NON_LITERAL_NULL_CONVERSION = YES;
				CLANG_WARN_OBJC_IMPLICIT_RETAIN_SELF = YES;
				CLANG_WARN_OBJC_LITERAL_CONVERSION = YES;
				CLANG_WARN_OBJC_ROOT_CLASS = YES_ERROR;
				CLANG_WARN_RANGE_LOOP_ANALYSIS = YES;
				CLANG_WARN_STRICT_PROTOTYPES = YES;
				CLANG_WARN_SUSPICIOUS_MOVE = YES;
				CLANG_WARN_UNGUARDED_AVAILABILITY = YES_AGGRESSIVE;
				CLANG_WARN_UNREACHABLE_CODE = YES;
				CLANG_WARN__DUPLICATE_METHOD_MATCH = YES;
				CODE_SIGN_IDENTITY = "iPhone Developer";
				COPY_PHASE_STRIP = NO;
				DEBUG_INFORMATION_FORMAT = "dwarf-with-dsym";
				ENABLE_NS_ASSERTIONS = NO;
				ENABLE_STRICT_OBJC_MSGSEND = YES;
				GCC_C_LANGUAGE_STANDARD = gnu11;
				GCC_NO_COMMON_BLOCKS = YES;
				GCC_WARN_64_TO_32_BIT_CONVERSION = YES;
				GCC_WARN_ABOUT_RETURN_TYPE = YES_ERROR;
				GCC_WARN_UNDECLARED_SELECTOR = YES;
				GCC_WARN_UNINITIALIZED_AUTOS = YES_AGGRESSIVE;
				GCC_WARN_UNUSED_FUNCTION = YES;
				GCC_WARN_UNUSED_VARIABLE = YES;
				IPHONEOS_DEPLOYMENT_TARGET = 12.1;
				MTL_ENABLE_DEBUG_INFO = NO;
				MTL_FAST_MATH = YES;
				SDKROOT = iphoneos;
				SWIFT_COMPILATION_MODE = wholemodule;
				SWIFT_OPTIMIZATION_LEVEL = "-O";
				VALIDATE_PRODUCT = YES;
			};
			name = Release;
		};
		EB91A7C121B0932500AC0EEF /* Debug */ = {
			isa = XCBuildConfiguration;
			baseConfigurationReference = EA351516BA694340374F8939 /* Pods-Todoey.debug.xcconfig */;
			buildSettings = {
				ASSETCATALOG_COMPILER_APPICON_NAME = AppIcon;
				CODE_SIGN_STYLE = Automatic;
				DEVELOPMENT_TEAM = 8Q7U6Q3B67;
				INFOPLIST_FILE = Todoey/Info.plist;
				LD_RUNPATH_SEARCH_PATHS = (
					"$(inherited)",
					"@executable_path/Frameworks",
				);
				PRODUCT_BUNDLE_IDENTIFIER = com.jainamshah.Todoey;
				PRODUCT_NAME = "$(TARGET_NAME)";
				SWIFT_VERSION = 4.2;
				TARGETED_DEVICE_FAMILY = "1,2";
			};
			name = Debug;
		};
		EB91A7C221B0932500AC0EEF /* Release */ = {
			isa = XCBuildConfiguration;
			baseConfigurationReference = 777B08345D57252DEABC5E6F /* Pods-Todoey.release.xcconfig */;
			buildSettings = {
				ASSETCATALOG_COMPILER_APPICON_NAME = AppIcon;
				CODE_SIGN_STYLE = Automatic;
				DEVELOPMENT_TEAM = 8Q7U6Q3B67;
				INFOPLIST_FILE = Todoey/Info.plist;
				LD_RUNPATH_SEARCH_PATHS = (
					"$(inherited)",
					"@executable_path/Frameworks",
				);
				PRODUCT_BUNDLE_IDENTIFIER = com.jainamshah.Todoey;
				PRODUCT_NAME = "$(TARGET_NAME)";
				SWIFT_VERSION = 4.2;
				TARGETED_DEVICE_FAMILY = "1,2";
			};
			name = Release;
		};
/* End XCBuildConfiguration section */

/* Begin XCConfigurationList section */
		EB91A7A921B0932300AC0EEF /* Build configuration list for PBXProject "Todoey" */ = {
			isa = XCConfigurationList;
			buildConfigurations = (
				EB91A7BE21B0932500AC0EEF /* Debug */,
				EB91A7BF21B0932500AC0EEF /* Release */,
			);
			defaultConfigurationIsVisible = 0;
			defaultConfigurationName = Release;
		};
		EB91A7C021B0932500AC0EEF /* Build configuration list for PBXNativeTarget "Todoey" */ = {
			isa = XCConfigurationList;
			buildConfigurations = (
				EB91A7C121B0932500AC0EEF /* Debug */,
				EB91A7C221B0932500AC0EEF /* Release */,
			);
			defaultConfigurationIsVisible = 0;
			defaultConfigurationName = Release;
		};
/* End XCConfigurationList section */
	};
	rootObject = EB91A7A621B0932300AC0EEF /* Project object */;
}
